<?xml version="1.0" encoding="UTF-8" standalone="yes" ?>
<CodeBlocks_project_file>
	<FileVersion major="1" minor="6" />
	<Project>
		<Option title="FlexiGame" />
		<Option pch_mode="2" />
		<Option compiler="gcc" />
		<Build>
			<Target title="Debug">
				<Option output="bin/Debug/FlexiGame" prefix_auto="1" extension_auto="1" />
				<Option object_output="obj/Debug/" />
				<Option type="1" />
				<Option compiler="gcc" />
				<Compiler>
					<Add option="-Wredundant-decls" />
					<Add option="-Wmain" />
					<Add option="-std=c++11" />
					<Add option="-Wall" />
					<Add option="-g" />
					<Add directory="/mnt/armada/Develop/Game.Dev.Engine/infinium/src" />
					<Add directory="/mnt/armada/Develop/Game.Dev.Engine/infinium" />
				</Compiler>
				<Linker>
					<Add library="jpeg" />
					<Add library="png" />
					<Add directory="/lib" />
				</Linker>
			</Target>
			<Target title="Release">
				<Option output="bin/Release/FlexiGame" prefix_auto="1" extension_auto="1" />
				<Option object_output="obj/Release/" />
				<Option type="0" />
				<Option compiler="gcc" />
				<Compiler>
					<Add option="-fexpensive-optimizations" />
					<Add option="-O3" />
					<Add option="-Wnon-virtual-dtor" />
					<Add option="-Wshadow" />
					<Add option="-Wfloat-equal" />
					<Add option="-Weffc++" />
					<Add option="-Wmain" />
					<Add option="-std=c++11" />
					<Add option="-Wfatal-errors" />
					<Add option="-Wextra" />
					<Add option="-Wall" />
				</Compiler>
				<Linker>
					<Add option="-s" />
					<Add library="jpeg" />
					<Add library="tinyxml" />
					<Add library="png" />
				</Linker>
			</Target>
		</Build>
		<Compiler>
			<Add option="-Wall" />
		</Compiler>
		<Linker>
			<Add library="GL" />
			<Add library="X11" />
		</Linker>
		<Unit filename="../../../modules/tinyobj/upstream/tiny_obj_loader.cpp" />
		<Unit filename="../../../modules/tinyobj/upstream/tiny_obj_loader.h" />
		<Unit filename="../../../modules/tinyxml/upstream/tinystr.cpp" />
		<Unit filename="../../../modules/tinyxml/upstream/tinystr.h" />
		<Unit filename="../../../modules/tinyxml/upstream/tinyxml.cpp" />
		<Unit filename="../../../modules/tinyxml/upstream/tinyxml.h" />
		<Unit filename="../../../modules/tinyxml/upstream/tinyxmlerror.cpp" />
		<Unit filename="../../../modules/tinyxml/upstream/tinyxmlparser.cpp" />
		<Unit filename="../../../src/Audio/fgSFXAudioResource.cpp" />
		<Unit filename="../../../src/Audio/fgSFXAudioResource.h" />
		<Unit filename="../../../src/Audio/fgSFXManager.cpp" />
		<Unit filename="../../../src/Audio/fgSFXManager.h" />
		<Unit filename="../../../src/Audio/fgSFXMusicResource.cpp" />
		<Unit filename="../../../src/Audio/fgSFXMusicResource.h" />
		<Unit filename="../../../src/Event/fgArgumentList.cpp" />
		<Unit filename="../../../src/Event/fgArgumentList.h" />
		<Unit filename="../../../src/Event/fgCallback.h" />
		<Unit filename="../../../src/Event/fgCyclicCallback.h" />
		<Unit filename="../../../src/Event/fgEventDefinitions.h" />
		<Unit filename="../../../src/Event/fgEventHelper.h" />
		<Unit filename="../../../src/Event/fgEventManager.cpp" />
		<Unit filename="../../../src/Event/fgEventManager.h" />
		<Unit filename="../../../src/Event/fgThrownEvent.h" />
		<Unit filename="../../../src/Event/fgTimeoutCallback.h" />
		<Unit filename="../../../src/GUI/fgFontDrawer.cpp" />
		<Unit filename="../../../src/GUI/fgFontDrawer.h" />
		<Unit filename="../../../src/GUI/fgFontResource.cpp" />
		<Unit filename="../../../src/GUI/fgFontResource.h" />
		<Unit filename="../../../src/GUI/fgGuiButton.cpp" />
		<Unit filename="../../../src/GUI/fgGuiButton.h" />
		<Unit filename="../../../src/GUI/fgGuiCallback.cpp" />
		<Unit filename="../../../src/GUI/fgGuiCallback.h" />
		<Unit filename="../../../src/GUI/fgGuiConsole.cpp" />
		<Unit filename="../../../src/GUI/fgGuiConsole.h" />
		<Unit filename="../../../src/GUI/fgGuiContainer.cpp" />
		<Unit filename="../../../src/GUI/fgGuiContainer.h" />
		<Unit filename="../../../src/GUI/fgGuiDrawer.cpp" />
		<Unit filename="../../../src/GUI/fgGuiDrawer.h" />
		<Unit filename="../../../src/GUI/fgGuiLabel.cpp" />
		<Unit filename="../../../src/GUI/fgGuiLabel.h" />
		<Unit filename="../../../src/GUI/fgGuiLoader.cpp" />
		<Unit filename="../../../src/GUI/fgGuiLoader.h" />
		<Unit filename="../../../src/GUI/fgGuiMain.cpp" />
		<Unit filename="../../../src/GUI/fgGuiMain.h" />
		<Unit filename="../../../src/GUI/fgGuiMenu.cpp" />
		<Unit filename="../../../src/GUI/fgGuiMenu.h" />
		<Unit filename="../../../src/GUI/fgGuiMessageBox.cpp" />
		<Unit filename="../../../src/GUI/fgGuiMessageBox.h" />
		<Unit filename="../../../src/GUI/fgGuiPrimitives.cpp" />
		<Unit filename="../../../src/GUI/fgGuiPrimitives.h" />
		<Unit filename="../../../src/GUI/fgGuiProgressBar.cpp" />
		<Unit filename="../../../src/GUI/fgGuiProgressBar.h" />
		<Unit filename="../../../src/GUI/fgGuiScreenGrid.cpp" />
		<Unit filename="../../../src/GUI/fgGuiScreenGrid.h" />
		<Unit filename="../../../src/GUI/fgGuiStructureSheet.cpp" />
		<Unit filename="../../../src/GUI/fgGuiStructureSheet.h" />
		<Unit filename="../../../src/GUI/fgGuiStructureSheetInterpreter.cpp" />
		<Unit filename="../../../src/GUI/fgGuiStructureSheetInterpreter.h" />
		<Unit filename="../../../src/GUI/fgGuiStyleSheet.cpp" />
		<Unit filename="../../../src/GUI/fgGuiStyleSheet.h" />
		<Unit filename="../../../src/GUI/fgGuiStyleSheetInterpreter.cpp" />
		<Unit filename="../../../src/GUI/fgGuiStyleSheetInterpreter.h" />
		<Unit filename="../../../src/GUI/fgGuiWidget.cpp" />
		<Unit filename="../../../src/GUI/fgGuiWidget.h" />
		<Unit filename="../../../src/GameLogic/fgGameLogic.cpp" />
		<Unit filename="../../../src/GameLogic/fgGameLogic.h" />
		<Unit filename="../../../src/Graphics/Particles/fgParticle.h" />
		<Unit filename="../../../src/Graphics/Particles/fgParticleSystem.cpp" />
		<Unit filename="../../../src/Graphics/Particles/fgParticleSystem.h" />
		<Unit filename="../../../src/Graphics/Particles/fgPsExplosionEffect.cpp" />
		<Unit filename="../../../src/Graphics/Particles/fgPsExplosionEffect.h" />
		<Unit filename="../../../src/Graphics/Particles/fgPsFlashEffect.cpp" />
		<Unit filename="../../../src/Graphics/Particles/fgPsFlashEffect.h" />
		<Unit filename="../../../src/Graphics/Particles/fgPsFlyingDebrisEffect.cpp" />
		<Unit filename="../../../src/Graphics/Particles/fgPsFlyingDebrisEffect.h" />
		<Unit filename="../../../src/Graphics/Particles/fgPsObjectPulseEffect.cpp" />
		<Unit filename="../../../src/Graphics/Particles/fgPsObjectPulseEffect.h" />
		<Unit filename="../../../src/Graphics/Particles/fgPsParticleDrawer.cpp" />
		<Unit filename="../../../src/Graphics/Particles/fgPsParticleDrawer.h" />
		<Unit filename="../../../src/Graphics/Particles/fgPsParticleEffect.cpp" />
		<Unit filename="../../../src/Graphics/Particles/fgPsParticleEffect.h" />
		<Unit filename="../../../src/Graphics/Particles/fgPsParticleEffectCircular.cpp" />
		<Unit filename="../../../src/Graphics/Particles/fgPsParticleEffectCircular.h" />
		<Unit filename="../../../src/Graphics/Particles/fgPsParticleEffectLimited.cpp" />
		<Unit filename="../../../src/Graphics/Particles/fgPsParticleEffectLimited.h" />
		<Unit filename="../../../src/Graphics/Particles/fgPsSequentialEffect.cpp" />
		<Unit filename="../../../src/Graphics/Particles/fgPsSequentialEffect.h" />
		<Unit filename="../../../src/Graphics/Particles/fgPsSpecialEffect.h" />
		<Unit filename="../../../src/Graphics/Textures/fgTextureCommon.h" />
		<Unit filename="../../../src/Graphics/Textures/fgTextureLoader.cpp" />
		<Unit filename="../../../src/Graphics/Textures/fgTextureLoader.h" />
		<Unit filename="../../../src/Graphics/Textures/fgTextureManager.cpp" />
		<Unit filename="../../../src/Graphics/Textures/fgTextureManager.h" />
		<Unit filename="../../../src/Graphics/Textures/fgTextureResource.cpp" />
		<Unit filename="../../../src/Graphics/Textures/fgTextureResource.h" />
		<Unit filename="../../../src/Graphics/Textures/fgTextureTypes.h" />
		<Unit filename="../../../src/Graphics/fgGFX2DScene.cpp" />
		<Unit filename="../../../src/Graphics/fgGFX2DScene.h" />
		<Unit filename="../../../src/Graphics/fgGFX3DScene.cpp" />
		<Unit filename="../../../src/Graphics/fgGFX3DScene.h" />
		<Unit filename="../../../src/Graphics/fgGFXCamera.cpp" />
		<Unit filename="../../../src/Graphics/fgGFXCamera.h" />
		<Unit filename="../../../src/Graphics/fgGFXCameraAnimation.cpp" />
		<Unit filename="../../../src/Graphics/fgGFXCameraAnimation.h" />
		<Unit filename="../../../src/Graphics/fgGFXDrawingBatch.cpp" />
		<Unit filename="../../../src/Graphics/fgGFXDrawingBatch.h" />
		<Unit filename="../../../src/Graphics/fgGFXLight.cpp" />
		<Unit filename="../../../src/Graphics/fgGFXLight.h" />
		<Unit filename="../../../src/Graphics/fgGFXMain.cpp" />
		<Unit filename="../../../src/Graphics/fgGFXMain.h" />
		<Unit filename="../../../src/Graphics/fgGFXMaterial.cpp" />
		<Unit filename="../../../src/Graphics/fgGFXMaterial.h" />
		<Unit filename="../../../src/Graphics/fgGFXModelOBJResource.cpp" />
		<Unit filename="../../../src/Graphics/fgGFXModelOBJResource.h" />
		<Unit filename="../../../src/Graphics/fgGFXModelResource.cpp" />
		<Unit filename="../../../src/Graphics/fgGFXModelResource.h" />
		<Unit filename="../../../src/Graphics/fgGFXObject.cpp" />
		<Unit filename="../../../src/Graphics/fgGFXObject.h" />
		<Unit filename="../../../src/Graphics/fgGFXOctreeBase.cpp" />
		<Unit filename="../../../src/Graphics/fgGFXOctreeBase.h" />
		<Unit filename="../../../src/Graphics/fgGFXOrthoView.h" />
		<Unit filename="../../../src/Graphics/fgGFXPerspectiveView.h" />
		<Unit filename="../../../src/Graphics/fgGFXPrimitives.cpp" />
		<Unit filename="../../../src/Graphics/fgGFXPrimitives.h" />
		<Unit filename="../../../src/Graphics/fgGFXQuadtreeBase.cpp" />
		<Unit filename="../../../src/Graphics/fgGFXQuadtreeBase.h" />
		<Unit filename="../../../src/Graphics/fgGFXSceneManager.cpp" />
		<Unit filename="../../../src/Graphics/fgGFXSceneManager.h" />
		<Unit filename="../../../src/Graphics/fgGFXShader.cpp" />
		<Unit filename="../../../src/Graphics/fgGFXShader.h" />
		<Unit filename="../../../src/Graphics/fgGFXShaderManager.cpp" />
		<Unit filename="../../../src/Graphics/fgGFXShaderManager.h" />
		<Unit filename="../../../src/Graphics/fgGFXShaderProgram.cpp" />
		<Unit filename="../../../src/Graphics/fgGFXShaderProgram.h" />
		<Unit filename="../../../src/Graphics/fgGFXSimpleDrawer.cpp" />
		<Unit filename="../../../src/Graphics/fgGFXSimpleDrawer.h" />
		<Unit filename="../../../src/Graphics/fgGFXTexturing.cpp" />
		<Unit filename="../../../src/Graphics/fgGFXTexturing.h" />
		<Unit filename="../../../src/Graphics/fgGFXTypes.h" />
		<Unit filename="../../../src/Hardware/fgDeviceQuery.cpp" />
		<Unit filename="../../../src/Hardware/fgDeviceQuery.h" />
		<Unit filename="../../../src/Hardware/fgHardwareState.cpp" />
		<Unit filename="../../../src/Hardware/fgHardwareState.h" />
		<Unit filename="../../../src/Hardware/fgQualityManager.cpp" />
		<Unit filename="../../../src/Hardware/fgQualityManager.h" />
		<Unit filename="../../../src/Hardware/fgQualityTypes.h" />
		<Unit filename="../../../src/Hardware/fgSensors.cpp" />
		<Unit filename="../../../src/Hardware/fgSensors.h" />
		<Unit filename="../../../src/Input/fgTouchRawData.h" />
		<Unit filename="../../../src/Input/fgTouchReceiver.cpp" />
		<Unit filename="../../../src/Input/fgTouchReceiver.h" />
		<Unit filename="../../../src/MainModule.cpp" />
		<Unit filename="../../../src/Math/fgKalmanFilter.cpp" />
		<Unit filename="../../../src/Math/fgKalmanFilter.h" />
		<Unit filename="../../../src/Math/fgMathLib.h" />
		<Unit filename="../../../src/Scripting/fgScriptManager.cpp" />
		<Unit filename="../../../src/Scripting/fgScriptManager.h" />
		<Unit filename="../../../src/Scripting/fgScriptResource.cpp" />
		<Unit filename="../../../src/Scripting/fgScriptResource.h" />
		<Unit filename="../../../src/fgBuildConfig.cpp" />
		<Unit filename="../../../src/fgBuildConfig.h" />
		<Unit filename="../../../src/fgCommon.cpp" />
		<Unit filename="../../../src/fgCommon.h" />
		<Unit filename="../../../src/fgDirent.cpp" />
		<Unit filename="../../../src/fgDirent.h" />
		<Unit filename="../../../src/fgException.h" />
		<Unit filename="../../../src/fgFile.cpp" />
		<Unit filename="../../../src/fgFile.h" />
		<Unit filename="../../../src/fgGameMain.cpp" />
		<Unit filename="../../../src/fgGameMain.h" />
		<Unit filename="../../../src/fgHandle.h" />
		<Unit filename="../../../src/fgHandleManager.h" />
		<Unit filename="../../../src/fgLog.cpp" />
		<Unit filename="../../../src/fgLog.h" />
		<Unit filename="../../../src/fgManagerBase.h" />
		<Unit filename="../../../src/fgMemory.h" />
		<Unit filename="../../../src/fgMessageCommon.h" />
		<Unit filename="../../../src/fgMessageSubsystem.cpp" />
		<Unit filename="../../../src/fgMessageSubsystem.h" />
		<Unit filename="../../../src/fgPath.cpp" />
		<Unit filename="../../../src/fgPath.h" />
		<Unit filename="../../../src/fgProfiling.cpp" />
		<Unit filename="../../../src/fgProfiling.h" />
		<Unit filename="../../../src/fgResource.cpp" />
		<Unit filename="../../../src/fgResource.h" />
		<Unit filename="../../../src/fgResourceBase.h" />
		<Unit filename="../../../src/fgResourceFactory.cpp" />
		<Unit filename="../../../src/fgResourceFactory.h" />
		<Unit filename="../../../src/fgResourceGroup.cpp" />
		<Unit filename="../../../src/fgResourceGroup.h" />
		<Unit filename="../../../src/fgResourceManager.cpp" />
		<Unit filename="../../../src/fgResourceManager.h" />
		<Unit filename="../../../src/fgSettings.cpp" />
		<Unit filename="../../../src/fgSettings.h" />
		<Unit filename="../../../src/fgSingleton.h" />
		<Unit filename="../../../src/fgStatus.h" />
		<Unit filename="../../../src/fgStatusReporter.h" />
		<Unit filename="../../../src/fgTime.cpp" />
		<Unit filename="../../../src/fgTime.h" />
		<Unit filename="../../../src/fgXMLDefaultHandler.h" />
		<Unit filename="../../../src/fgXMLParser.cpp" />
		<Unit filename="../../../src/fgXMLParser.h" />
		<Unit filename="../../../src/fgXMLTypesWrap.h" />
		<Extensions>
			<envvars />
			<code_completion />
			<lib_finder disable_auto="1">
				<lib name="libpng" />
			</lib_finder>
			<debugger />
			<DoxyBlocks>
				<comment_style block="0" line="1" />
				<doxyfile_project />
				<doxyfile_build />
				<doxyfile_warnings />
				<doxyfile_output />
				<doxyfile_dot />
				<general />
			</DoxyBlocks>
		</Extensions>
	</Project>
</CodeBlocks_project_file>
